// !$*UTF8*$!
{
	archiveVersion = 1;
	classes = {
	};
	objectVersion = 46;
	objects = {

/* Begin PBXBuildFile section */
		72D245481C2E4B2700071D9B /* AppDelegate.swift in Sources */ = {isa = PBXBuildFile; fileRef = 72D245471C2E4B2700071D9B /* AppDelegate.swift */; };
		72D2454A1C2E4B2700071D9B /* ViewController.swift in Sources */ = {isa = PBXBuildFile; fileRef = 72D245491C2E4B2700071D9B /* ViewController.swift */; };
		72D2454D1C2E4B2700071D9B /* Main.storyboard in Resources */ = {isa = PBXBuildFile; fileRef = 72D2454B1C2E4B2700071D9B /* Main.storyboard */; };
		72D2454F1C2E4B2700071D9B /* Assets.xcassets in Resources */ = {isa = PBXBuildFile; fileRef = 72D2454E1C2E4B2700071D9B /* Assets.xcassets */; };
		72D245521C2E4B2700071D9B /* LaunchScreen.storyboard in Resources */ = {isa = PBXBuildFile; fileRef = 72D245501C2E4B2700071D9B /* LaunchScreen.storyboard */; };
		72D2455D1C2E4B2700071D9B /* storyboardTests.swift in Sources */ = {isa = PBXBuildFile; fileRef = 72D2455C1C2E4B2700071D9B /* storyboardTests.swift */; };
		72D245681C2E4B2700071D9B /* storyboardUITests.swift in Sources */ = {isa = PBXBuildFile; fileRef = 72D245671C2E4B2700071D9B /* storyboardUITests.swift */; };
		72D245761C2E590000071D9B /* SagradaFamilia.jpeg in Resources */ = {isa = PBXBuildFile; fileRef = 72D245751C2E590000071D9B /* SagradaFamilia.jpeg */; };
		72D245781C2E5E0100071D9B /* AlbertEinsteinStamp.jpg in Resources */ = {isa = PBXBuildFile; fileRef = 72D245771C2E5E0100071D9B /* AlbertEinsteinStamp.jpg */; };
/* End PBXBuildFile section */

/* Begin PBXContainerItemProxy section */
		72D245591C2E4B2700071D9B /* PBXContainerItemProxy */ = {
			isa = PBXContainerItemProxy;
			containerPortal = 72D2453C1C2E4B2700071D9B /* Project object */;
			proxyType = 1;
			remoteGlobalIDString = 72D245431C2E4B2700071D9B;
			remoteInfo = storyboard;
		};
		72D245641C2E4B2700071D9B /* PBXContainerItemProxy */ = {
			isa = PBXContainerItemProxy;
			containerPortal = 72D2453C1C2E4B2700071D9B /* Project object */;
			proxyType = 1;
			remoteGlobalIDString = 72D245431C2E4B2700071D9B;
			remoteInfo = storyboard;
		};
/* End PBXContainerItemProxy section */

/* Begin PBXFileReference section */
		72D245441C2E4B2700071D9B /* storyboard.app */ = {isa = PBXFileReference; explicitFileType = wrapper.application; includeInIndex = 0; path = storyboard.app; sourceTree = BUILT_PRODUCTS_DIR; };
		72D245471C2E4B2700071D9B /* AppDelegate.swift */ = {isa = PBXFileReference; lastKnownFileType = sourcecode.swift; path = AppDelegate.swift; sourceTree = "<group>"; };
		72D245491C2E4B2700071D9B /* ViewController.swift */ = {isa = PBXFileReference; lastKnownFileType = sourcecode.swift; path = ViewController.swift; sourceTree = "<group>"; };
		72D2454C1C2E4B2700071D9B /* Base */ = {isa = PBXFileReference; lastKnownFileType = file.storyboard; name = Base; path = Base.lproj/Main.storyboard; sourceTree = "<group>"; };
		72D2454E1C2E4B2700071D9B /* Assets.xcassets */ = {isa = PBXFileReference; lastKnownFileType = folder.assetcatalog; path = Assets.xcassets; sourceTree = "<group>"; };
		72D245511C2E4B2700071D9B /* Base */ = {isa = PBXFileReference; lastKnownFileType = file.storyboard; name = Base; path = Base.lproj/LaunchScreen.storyboard; sourceTree = "<group>"; };
		72D245531C2E4B2700071D9B /* Info.plist */ = {isa = PBXFileReference; lastKnownFileType = text.plist.xml; path = Info.plist; sourceTree = "<group>"; };
		72D245581C2E4B2700071D9B /* storyboardTests.xctest */ = {isa = PBXFileReference; explicitFileType = wrapper.cfbundle; includeInIndex = 0; path = storyboardTests.xctest; sourceTree = BUILT_PRODUCTS_DIR; };
		72D2455C1C2E4B2700071D9B /* storyboardTests.swift */ = {isa = PBXFileReference; lastKnownFileType = sourcecode.swift; path = storyboardTests.swift; sourceTree = "<group>"; };
		72D2455E1C2E4B2700071D9B /* Info.plist */ = {isa = PBXFileReference; lastKnownFileType = text.plist.xml; path = Info.plist; sourceTree = "<group>"; };
		72D245631C2E4B2700071D9B /* storyboardUITests.xctest */ = {isa = PBXFileReference; explicitFileType = wrapper.cfbundle; includeInIndex = 0; path = storyboardUITests.xctest; sourceTree = BUILT_PRODUCTS_DIR; };
		72D245671C2E4B2700071D9B /* storyboardUITests.swift */ = {isa = PBXFileReference; lastKnownFileType = sourcecode.swift; path = storyboardUITests.swift; sourceTree = "<group>"; };
		72D245691C2E4B2700071D9B /* Info.plist */ = {isa = PBXFileReference; lastKnownFileType = text.plist.xml; path = Info.plist; sourceTree = "<group>"; };
		72D245751C2E590000071D9B /* SagradaFamilia.jpeg */ = {isa = PBXFileReference; lastKnownFileType = image.jpeg; path = SagradaFamilia.jpeg; sourceTree = "<group>"; };
		72D245771C2E5E0100071D9B /* AlbertEinsteinStamp.jpg */ = {isa = PBXFileReference; lastKnownFileType = image.jpeg; path = AlbertEinsteinStamp.jpg; sourceTree = "<group>"; };
/* End PBXFileReference section */

/* Begin PBXFrameworksBuildPhase section */
		72D245411C2E4B2700071D9B /* Frameworks */ = {
			isa = PBXFrameworksBuildPhase;
			buildActionMask = 2147483647;
			files = (
			);
			runOnlyForDeploymentPostprocessing = 0;
		};
		72D245551C2E4B2700071D9B /* Frameworks */ = {
			isa = PBXFrameworksBuildPhase;
			buildActionMask = 2147483647;
			files = (
			);
			runOnlyForDeploymentPostprocessing = 0;
		};
		72D245601C2E4B2700071D9B /* Frameworks */ = {
			isa = PBXFrameworksBuildPhase;
			buildActionMask = 2147483647;
			files = (
			);
			runOnlyForDeploymentPostprocessing = 0;
		};
/* End PBXFrameworksBuildPhase section */

/* Begin PBXGroup section */
		72D2453B1C2E4B2700071D9B = {
			isa = PBXGroup;
			children = (
				72D245461C2E4B2700071D9B /* storyboard */,
				72D2455B1C2E4B2700071D9B /* storyboardTests */,
				72D245661C2E4B2700071D9B /* storyboardUITests */,
				72D245451C2E4B2700071D9B /* Products */,
			);
			sourceTree = "<group>";
		};
		72D245451C2E4B2700071D9B /* Products */ = {
			isa = PBXGroup;
			children = (
				72D245441C2E4B2700071D9B /* storyboard.app */,
				72D245581C2E4B2700071D9B /* storyboardTests.xctest */,
				72D245631C2E4B2700071D9B /* storyboardUITests.xctest */,
			);
			name = Products;
			sourceTree = "<group>";
		};
		72D245461C2E4B2700071D9B /* storyboard */ = {
			isa = PBXGroup;
			children = (
				72D245471C2E4B2700071D9B /* AppDelegate.swift */,
				72D245491C2E4B2700071D9B /* ViewController.swift */,
				72D2454B1C2E4B2700071D9B /* Main.storyboard */,
				72D2454E1C2E4B2700071D9B /* Assets.xcassets */,
				72D245771C2E5E0100071D9B /* AlbertEinsteinStamp.jpg */,
				72D245751C2E590000071D9B /* SagradaFamilia.jpeg */,
				72D245501C2E4B2700071D9B /* LaunchScreen.storyboard */,
				72D245531C2E4B2700071D9B /* Info.plist */,
			);
			path = storyboard;
			sourceTree = "<group>";
		};
		72D2455B1C2E4B2700071D9B /* storyboardTests */ = {
			isa = PBXGroup;
			children = (
				72D2455C1C2E4B2700071D9B /* storyboardTests.swift */,
				72D2455E1C2E4B2700071D9B /* Info.plist */,
			);
			path = storyboardTests;
			sourceTree = "<group>";
		};
		72D245661C2E4B2700071D9B /* storyboardUITests */ = {
			isa = PBXGroup;
			children = (
				72D245671C2E4B2700071D9B /* storyboardUITests.swift */,
				72D245691C2E4B2700071D9B /* Info.plist */,
			);
			path = storyboardUITests;
			sourceTree = "<group>";
		};
/* End PBXGroup section */

/* Begin PBXNativeTarget section */
		72D245431C2E4B2700071D9B /* storyboard */ = {
			isa = PBXNativeTarget;
			buildConfigurationList = 72D2456C1C2E4B2700071D9B /* Build configuration list for PBXNativeTarget "storyboard" */;
			buildPhases = (
				72D245401C2E4B2700071D9B /* Sources */,
				72D245411C2E4B2700071D9B /* Frameworks */,
				72D245421C2E4B2700071D9B /* Resources */,
			);
			buildRules = (
			);
			dependencies = (
			);
			name = storyboard;
			productName = storyboard;
			productReference = 72D245441C2E4B2700071D9B /* storyboard.app */;
			productType = "com.apple.product-type.application";
		};
		72D245571C2E4B2700071D9B /* storyboardTests */ = {
			isa = PBXNativeTarget;
			buildConfigurationList = 72D2456F1C2E4B2700071D9B /* Build configuration list for PBXNativeTarget "storyboardTests" */;
			buildPhases = (
				72D245541C2E4B2700071D9B /* Sources */,
				72D245551C2E4B2700071D9B /* Frameworks */,
				72D245561C2E4B2700071D9B /* Resources */,
			);
			buildRules = (
			);
			dependencies = (
				72D2455A1C2E4B2700071D9B /* PBXTargetDependency */,
			);
			name = storyboardTests;
			productName = storyboardTests;
			productReference = 72D245581C2E4B2700071D9B /* storyboardTests.xctest */;
			productType = "com.apple.product-type.bundle.unit-test";
		};
		72D245621C2E4B2700071D9B /* storyboardUITests */ = {
			isa = PBXNativeTarget;
			buildConfigurationList = 72D245721C2E4B2700071D9B /* Build configuration list for PBXNativeTarget "storyboardUITests" */;
			buildPhases = (
				72D2455F1C2E4B2700071D9B /* Sources */,
				72D245601C2E4B2700071D9B /* Frameworks */,
				72D245611C2E4B2700071D9B /* Resources */,
			);
			buildRules = (
			);
			dependencies = (
				72D245651C2E4B2700071D9B /* PBXTargetDependency */,
			);
			name = storyboardUITests;
			productName = storyboardUITests;
			productReference = 72D245631C2E4B2700071D9B /* storyboardUITests.xctest */;
			productType = "com.apple.product-type.bundle.ui-testing";
		};
/* End PBXNativeTarget section */

/* Begin PBXProject section */
		72D2453C1C2E4B2700071D9B /* Project object */ = {
			isa = PBXProject;
			attributes = {
				LastSwiftUpdateCheck = 0720;
				LastUpgradeCheck = 0720;
				ORGANIZATIONNAME = codomo;
				TargetAttributes = {
					72D245431C2E4B2700071D9B = {
						CreatedOnToolsVersion = 7.2;
					};
					72D245571C2E4B2700071D9B = {
						CreatedOnToolsVersion = 7.2;
						TestTargetID = 72D245431C2E4B2700071D9B;
					};
					72D245621C2E4B2700071D9B = {
						CreatedOnToolsVersion = 7.2;
						TestTargetID = 72D245431C2E4B2700071D9B;
					};
				};
			};
			buildConfigurationList = 72D2453F1C2E4B2700071D9B /* Build configuration list for PBXProject "storyboard" */;
			compatibilityVersion = "Xcode 3.2";
			developmentRegion = English;
			hasScannedForEncodings = 0;
			knownRegions = (
				en,
				Base,
			);
			mainGroup = 72D2453B1C2E4B2700071D9B;
			productRefGroup = 72D245451C2E4B2700071D9B /* Products */;
			projectDirPath = "";
			projectRoot = "";
			targets = (
				72D245431C2E4B2700071D9B /* storyboard */,
				72D245571C2E4B2700071D9B /* storyboardTests */,
				72D245621C2E4B2700071D9B /* storyboardUITests */,
			);
		};
/* End PBXProject section */

/* Begin PBXResourcesBuildPhase section */
		72D245421C2E4B2700071D9B /* Resources */ = {
			isa = PBXResourcesBuildPhase;
			buildActionMask = 2147483647;
			files = (
				72D245521C2E4B2700071D9B /* LaunchScreen.storyboard in Resources */,
				72D245761C2E590000071D9B /* SagradaFamilia.jpeg in Resources */,
				72D245781C2E5E0100071D9B /* AlbertEinsteinStamp.jpg in Resources */,
				72D2454F1C2E4B2700071D9B /* Assets.xcassets in Resources */,
				72D2454D1C2E4B2700071D9B /* Main.storyboard in Resources */,
			);
			runOnlyForDeploymentPostprocessing = 0;
		};
		72D245561C2E4B2700071D9B /* Resources */ = {
			isa = PBXResourcesBuildPhase;
			buildActionMask = 2147483647;
			files = (
			);
			runOnlyForDeploymentPostprocessing = 0;
		};
		72D245611C2E4B2700071D9B /* Resources */ = {
			isa = PBXResourcesBuildPhase;
			buildActionMask = 2147483647;
			files = (
			);
			runOnlyForDeploymentPostprocessing = 0;
		};
/* End PBXResourcesBuildPhase section */

/* Begin PBXSourcesBuildPhase section */
		72D245401C2E4B2700071D9B /* Sources */ = {
			isa = PBXSourcesBuildPhase;
			buildActionMask = 2147483647;
			files = (
				72D2454A1C2E4B2700071D9B /* ViewController.swift in Sources */,
				72D245481C2E4B2700071D9B /* AppDelegate.swift in Sources */,
			);
			runOnlyForDeploymentPostprocessing = 0;
		};
		72D245541C2E4B2700071D9B /* Sources */ = {
			isa = PBXSourcesBuildPhase;
			buildActionMask = 2147483647;
			files = (
				72D2455D1C2E4B2700071D9B /* storyboardTests.swift in Sources */,
			);
			runOnlyForDeploymentPostprocessing = 0;
		};
		72D2455F1C2E4B2700071D9B /* Sources */ = {
			isa = PBXSourcesBuildPhase;
			buildActionMask = 2147483647;
			files = (
				72D245681C2E4B2700071D9B /* storyboardUITests.swift in Sources */,
			);
			runOnlyForDeploymentPostprocessing = 0;
		};
/* End PBXSourcesBuildPhase section */

/* Begin PBXTargetDependency section */
		72D2455A1C2E4B2700071D9B /* PBXTargetDependency */ = {
			isa = PBXTargetDependency;
			target = 72D245431C2E4B2700071D9B /* storyboard */;
			targetProxy = 72D245591C2E4B2700071D9B /* PBXContainerItemProxy */;
		};
		72D245651C2E4B2700071D9B /* PBXTargetDependency */ = {
			isa = PBXTargetDependency;
			target = 72D245431C2E4B2700071D9B /* storyboard */;
			targetProxy = 72D245641C2E4B2700071D9B /* PBXContainerItemProxy */;
		};
/* End PBXTargetDependency section */

/* Begin PBXVariantGroup section */
		72D2454B1C2E4B2700071D9B /* Main.storyboard */ = {
			isa = PBXVariantGroup;
			children = (
				72D2454C1C2E4B2700071D9B /* Base */,
			);
			name = Main.storyboard;
			sourceTree = "<group>";
		};
		72D245501C2E4B2700071D9B /* LaunchScreen.storyboard */ = {
			isa = PBXVariantGroup;
			children = (
				72D245511C2E4B2700071D9B /* Base */,
			);
			name = LaunchScreen.storyboard;
			sourceTree = "<group>";
		};
/* End PBXVariantGroup section */

/* Begin XCBuildConfiguration section */
		72D2456A1C2E4B2700071D9B /* Debug */ = {
			isa = XCBuildConfiguration;
			buildSettings = {
				ALWAYS_SEARCH_USER_PATHS = NO;
				CLANG_CXX_LANGUAGE_STANDARD = "gnu++0x";
				CLANG_CXX_LIBRARY = "libc++";
				CLANG_ENABLE_MODULES = YES;
				CLANG_ENABLE_OBJC_ARC = YES;
				CLANG_WARN_BOOL_CONVERSION = YES;
				CLANG_WARN_CONSTANT_CONVERSION = YES;
				CLANG_WARN_DIRECT_OBJC_ISA_USAGE = YES_ERROR;
				CLANG_WARN_EMPTY_BODY = YES;
				CLANG_WARN_ENUM_CONVERSION = YES;
				CLANG_WARN_INT_CONVERSION = YES;
				CLANG_WARN_OBJC_ROOT_CLASS = YES_ERROR;
				CLANG_WARN_UNREACHABLE_CODE = YES;
				CLANG_WARN__DUPLICATE_METHOD_MATCH = YES;
				"CODE_SIGN_IDENTITY[sdk=iphoneos*]" = "iPhone Developer";
				COPY_PHASE_STRIP = NO;
				DEBUG_INFORMATION_FORMAT = dwarf;
				ENABLE_STRICT_OBJC_MSGSEND = YES;
				ENABLE_TESTABILITY = YES;
				GCC_C_LANGUAGE_STANDARD = gnu99;
				GCC_DYNAMIC_NO_PIC = NO;
				GCC_NO_COMMON_BLOCKS = YES;
				GCC_OPTIMIZATION_LEVEL = 0;
				GCC_PREPROCESSOR_DEFINITIONS = (
					"DEBUG=1",
					"$(inherited)",
				);
				GCC_WARN_64_TO_32_BIT_CONVERSION = YES;
				GCC_WARN_ABOUT_RETURN_TYPE = YES_ERROR;
				GCC_WARN_UNDECLARED_SELECTOR = YES;
				GCC_WARN_UNINITIALIZED_AUTOS = YES_AGGRESSIVE;
				GCC_WARN_UNUSED_FUNCTION = YES;
				GCC_WARN_UNUSED_VARIABLE = YES;
				IPHONEOS_DEPLOYMENT_TARGET = 9.2;
				MTL_ENABLE_DEBUG_INFO = YES;
				ONLY_ACTIVE_ARCH = YES;
				SDKROOT = iphoneos;
				SWIFT_OPTIMIZATION_LEVEL = "-Onone";
				TARGETED_DEVICE_FAMILY = "1,2";
			};
			name = Debug;
		};
		72D2456B1C2E4B2700071D9B /* Release */ = {
			isa = XCBuildConfiguration;
			buildSettings = {
				ALWAYS_SEARCH_USER_PATHS = NO;
				CLANG_CXX_LANGUAGE_STANDARD = "gnu++0x";
				CLANG_CXX_LIBRARY = "libc++";
				CLANG_ENABLE_MODULES = YES;
				CLANG_ENABLE_OBJC_ARC = YES;
				CLANG_WARN_BOOL_CONVERSION = YES;
				CLANG_WARN_CONSTANT_CONVERSION = YES;
				CLANG_WARN_DIRECT_OBJC_ISA_USAGE = YES_ERROR;
				CLANG_WARN_EMPTY_BODY = YES;
				CLANG_WARN_ENUM_CONVERSION = YES;
				CLANG_WARN_INT_CONVERSION = YES;
				CLANG_WARN_OBJC_ROOT_CLASS = YES_ERROR;
				CLANG_WARN_UNREACHABLE_CODE = YES;
				CLANG_WARN__DUPLICATE_METHOD_MATCH = YES;
				"CODE_SIGN_IDENTITY[sdk=iphoneos*]" = "iPhone Developer";
				COPY_PHASE_STRIP = NO;
				DEBUG_INFORMATION_FORMAT = "dwarf-with-dsym";
				ENABLE_NS_ASSERTIONS = NO;
				ENABLE_STRICT_OBJC_MSGSEND = YES;
				GCC_C_LANGUAGE_STANDARD = gnu99;
				GCC_NO_COMMON_BLOCKS = YES;
				GCC_WARN_64_TO_32_BIT_CONVERSION = YES;
				GCC_WARN_ABOUT_RETURN_TYPE = YES_ERROR;
				GCC_WARN_UNDECLARED_SELECTOR = YES;
				GCC_WARN_UNINITIALIZED_AUTOS = YES_AGGRESSIVE;
				GCC_WARN_UNUSED_FUNCTION = YES;
				GCC_WARN_UNUSED_VARIABLE = YES;
				IPHONEOS_DEPLOYMENT_TARGET = 9.2;
				MTL_ENABLE_DEBUG_INFO = NO;
				SDKROOT = iphoneos;
				TARGETED_DEVICE_FAMILY = "1,2";
				VALIDATE_PRODUCT = YES;
			};
			name = Release;
		};
		72D2456D1C2E4B2700071D9B /* Debug */ = {
			isa = XCBuildConfiguration;
			buildSettings = {
				ASSETCATALOG_COMPILER_APPICON_NAME = AppIcon;
				INFOPLIST_FILE = storyboard/Info.plist;
				LD_RUNPATH_SEARCH_PATHS = "$(inherited) @executable_path/Frameworks";
				PRODUCT_BUNDLE_IDENTIFIER = com.codomo.storyboard.storyboard;
				PRODUCT_NAME = "$(TARGET_NAME)";
			};
			name = Debug;
		};
		72D2456E1C2E4B2700071D9B /* Release */ = {
			isa = XCBuildConfiguration;
			buildSettings = {
				ASSETCATALOG_COMPILER_APPICON_NAME = AppIcon;
				INFOPLIST_FILE = storyboard/Info.plist;
				LD_RUNPATH_SEARCH_PATHS = "$(inherited) @executable_path/Frameworks";
				PRODUCT_BUNDLE_IDENTIFIER = com.codomo.storyboard.storyboard;
				PRODUCT_NAME = "$(TARGET_NAME)";
			};
			name = Release;
		};
		72D245701C2E4B2700071D9B /* Debug */ = {
			isa = XCBuildConfiguration;
			buildSettings = {
				BUNDLE_LOADER = "$(TEST_HOST)";
				INFOPLIST_FILE = storyboardTests/Info.plist;
				LD_RUNPATH_SEARCH_PATHS = "$(inherited) @executable_path/Frameworks @loader_path/Frameworks";
				PRODUCT_BUNDLE_IDENTIFIER = com.codomo.storyboard.storyboardTests;
				PRODUCT_NAME = "$(TARGET_NAME)";
				TEST_HOST = "$(BUILT_PRODUCTS_DIR)/storyboard.app/storyboard";
			};
			name = Debug;
		};
		72D245711C2E4B2700071D9B /* Release */ = {
			isa = XCBuildConfiguration;
			buildSettings = {
				BUNDLE_LOADER = "$(TEST_HOST)";
				INFOPLIST_FILE = storyboardTests/Info.plist;
				LD_RUNPATH_SEARCH_PATHS = "$(inherited) @executable_path/Frameworks @loader_path/Frameworks";
				PRODUCT_BUNDLE_IDENTIFIER = com.codomo.storyboard.storyboardTests;
				PRODUCT_NAME = "$(TARGET_NAME)";
				TEST_HOST = "$(BUILT_PRODUCTS_DIR)/storyboard.app/storyboard";
			};
			name = Release;
		};
		72D245731C2E4B2700071D9B /* Debug */ = {
			isa = XCBuildConfiguration;
			buildSettings = {
				INFOPLIST_FILE = storyboardUITests/Info.plist;
				LD_RUNPATH_SEARCH_PATHS = "$(inherited) @executable_path/Frameworks @loader_path/Frameworks";
				PRODUCT_BUNDLE_IDENTIFIER = com.codomo.storyboard.storyboardUITests;
				PRODUCT_NAME = "$(TARGET_NAME)";
				TEST_TARGET_NAME = storyboard;
				USES_XCTRUNNER = YES;
			};
			name = Debug;
		};
		72D245741C2E4B2700071D9B /* Release */ = {
			isa = XCBuildConfiguration;
			buildSettings = {
				INFOPLIST_FILE = storyboardUITests/Info.plist;
				LD_RUNPATH_SEARCH_PATHS = "$(inherited) @executable_path/Frameworks @loader_path/Frameworks";
				PRODUCT_BUNDLE_IDENTIFIER = com.codomo.storyboard.storyboardUITests;
				PRODUCT_NAME = "$(TARGET_NAME)";
				TEST_TARGET_NAME = storyboard;
				USES_XCTRUNNER = YES;
			};
			name = Release;
		};
/* End XCBuildConfiguration section */

/* Begin XCConfigurationList section */
		72D2453F1C2E4B2700071D9B /* Build configuration list for PBXProject "storyboard" */ = {
			isa = XCConfigurationList;
			buildConfigurations = (
				72D2456A1C2E4B2700071D9B /* Debug */,
				72D2456B1C2E4B2700071D9B /* Release */,
			);
			defaultConfigurationIsVisible = 0;
			defaultConfigurationName = Release;
		};
		72D2456C1C2E4B2700071D9B /* Build configuration list for PBXNativeTarget "storyboard" */ = {
			isa = XCConfigurationList;
			buildConfigurations = (
				72D2456D1C2E4B2700071D9B /* Debug */,
				72D2456E1C2E4B2700071D9B /* Release */,
			);
			defaultConfigurationIsVisible = 0;
		};
		72D2456F1C2E4B2700071D9B /* Build configuration list for PBXNativeTarget "storyboardTests" */ = {
			isa = XCConfigurationList;
			buildConfigurations = (
				72D245701C2E4B2700071D9B /* Debug */,
				72D245711C2E4B2700071D9B /* Release */,
			);
			defaultConfigurationIsVisible = 0;
		};
		72D245721C2E4B2700071D9B /* Build configuration list for PBXNativeTarget "storyboardUITests" */ = {
			isa = XCConfigurationList;
			buildConfigurations = (
				72D245731C2E4B2700071D9B /* Debug */,
				72D245741C2E4B2700071D9B /* Release */,
			);
			defaultConfigurationIsVisible = 0;
		};
/* End XCConfigurationList section */
	};
	rootObject = 72D2453C1C2E4B2700071D9B /* Project object */;
}
